
Microsoft Visual Studio Solution File, Format Version 12.00
# Visual Studio Version 17
VisualStudioVersion = 17.2.32616.157
MinimumVisualStudioVersion = 10.0.40219.1
Project("{8BC9CEB8-8B4A-11D0-8D11-00A0C91BC942}") = "CCRMProj", "CCRMProj\CCRMProj.vcxproj", "{331D0E5F-BD7D-4EC5-8F35-196012111EC3}"
EndProject
Project("{8BC9CEB8-8B4A-11D0-8D11-00A0C91BC942}") = "User_CCRMProj", "..\..\User_CCRMProj_v2.3\CCRMProj\CCRMProj\User_CCRMProj.vcxproj", "{19D10465-0005-4F86-A985-1C7AB41F468D}"
EndProject
Global
	GlobalSection(SolutionConfigurationPlatforms) = preSolution
		Debug|x64 = Debug|x64
		Debug|x86 = Debug|x86
		Release|x64 = Release|x64
		Release|x86 = Release|x86
	EndGlobalSection
	GlobalSection(ProjectConfigurationPlatforms) = postSolution
		{331D0E5F-BD7D-4EC5-8F35-196012111EC3}.Debug|x64.ActiveCfg = Debug|x64
		{331D0E5F-BD7D-4EC5-8F35-196012111EC3}.Debug|x64.Build.0 = Debug|x64
		{331D0E5F-BD7D-4EC5-8F35-196012111EC3}.Debug|x86.ActiveCfg = Debug|Win32
		{331D0E5F-BD7D-4EC5-8F35-196012111EC3}.Debug|x86.Build.0 = Debug|Win32
		{331D0E5F-BD7D-4EC5-8F35-196012111EC3}.Release|x64.ActiveCfg = Release|x64
		{331D0E5F-BD7D-4EC5-8F35-196012111EC3}.Release|x64.Build.0 = Release|x64
		{331D0E5F-BD7D-4EC5-8F35-196012111EC3}.Release|x86.ActiveCfg = Release|Win32
		{331D0E5F-BD7D-4EC5-8F35-196012111EC3}.Release|x86.Build.0 = Release|Win32
		{19D10465-0005-4F86-A985-1C7AB41F468D}.Debug|x64.ActiveCfg = Debug|x64
		{19D10465-0005-4F86-A985-1C7AB41F468D}.Debug|x64.Build.0 = Debug|x64
		{19D10465-0005-4F86-A985-1C7AB41F468D}.Debug|x86.ActiveCfg = Debug|Win32
		{19D10465-0005-4F86-A985-1C7AB41F468D}.Debug|x86.Build.0 = Debug|Win32
		{19D10465-0005-4F86-A985-1C7AB41F468D}.Release|x64.ActiveCfg = Release|x64
		{19D10465-0005-4F86-A985-1C7AB41F468D}.Release|x64.Build.0 = Release|x64
		{19D10465-0005-4F86-A985-1C7AB41F468D}.Release|x86.ActiveCfg = Release|Win32
		{19D10465-0005-4F86-A985-1C7AB41F468D}.Release|x86.Build.0 = Release|Win32
	EndGlobalSection
	GlobalSection(SolutionProperties) = preSolution
		HideSolutionNode = FALSE
	EndGlobalSection
	GlobalSection(ExtensibilityGlobals) = postSolution
		SolutionGuid = {62F1C446-34B7-443B-AFC3-4EC63976522A}
	EndGlobalSection
EndGlobal
